PODS:
  - Flutter (1.0.0)
  - permission_handler (3.1.0):
    - Flutter
  - video_info (0.0.1):
    - Flutter

DEPENDENCIES:
  - Flutter (from `Flutter`)
  - permission_handler (from `.symlinks/plugins/permission_handler/ios`)
  - video_info (from `.symlinks/plugins/video_info/ios`)

EXTERNAL SOURCES:
  Flutter:
    :path: Flutter
  permission_handler:
    :path: ".symlinks/plugins/permission_handler/ios"
  video_info:
    :path: ".symlinks/plugins/video_info/ios"

SPEC CHECKSUMS:
  Flutter: 0e3d915762c693b495b44d77113d4970485de6ec
  permission_handler: fa6b0d784b1a43cb96b468a5b8365cb130b1956a
  video_info: 852381676a9ded41065f57c736041987d932fbdf

PODFILE CHECKSUM: 1b66dae606f75376c5f2135a8290850eeb09ae83

COCOAPODS: 1.7.5
